
Microsoft Visual Studio Solution File, Format Version 12.00
# Visual Studio Version 16
VisualStudioVersion = 16.0.30611.23
MinimumVisualStudioVersion = 10.0.40219.1
Project("{FAE04EC0-301F-11D3-BF4B-00C04F79EFBC}") = "Basics", "Basics\Basics.csproj", "{F606489E-CFCB-41E7-9DA9-998A44EC84D6}"
EndProject
Project("{FAE04EC0-301F-11D3-BF4B-00C04F79EFBC}") = "IdentityExample", "IdentityExample\IdentityExample.csproj", "{C2E31869-8779-4D02-9545-99E5F409D187}"
EndProject
Global
	GlobalSection(SolutionConfigurationPlatforms) = preSolution
		Debug|Any CPU = Debug|Any CPU
		Release|Any CPU = Release|Any CPU
	EndGlobalSection
	GlobalSection(ProjectConfigurationPlatforms) = postSolution
		{F606489E-CFCB-41E7-9DA9-998A44EC84D6}.Debug|Any CPU.ActiveCfg = Debug|Any CPU
		{F606489E-CFCB-41E7-9DA9-998A44EC84D6}.Debug|Any CPU.Build.0 = Debug|Any CPU
		{F606489E-CFCB-41E7-9DA9-998A44EC84D6}.Release|Any CPU.ActiveCfg = Release|Any CPU
		{F606489E-CFCB-41E7-9DA9-998A44EC84D6}.Release|Any CPU.Build.0 = Release|Any CPU
		{C2E31869-8779-4D02-9545-99E5F409D187}.Debug|Any CPU.ActiveCfg = Debug|Any CPU
		{C2E31869-8779-4D02-9545-99E5F409D187}.Debug|Any CPU.Build.0 = Debug|Any CPU
		{C2E31869-8779-4D02-9545-99E5F409D187}.Release|Any CPU.ActiveCfg = Release|Any CPU
		{C2E31869-8779-4D02-9545-99E5F409D187}.Release|Any CPU.Build.0 = Release|Any CPU
	EndGlobalSection
	GlobalSection(SolutionProperties) = preSolution
		HideSolutionNode = FALSE
	EndGlobalSection
	GlobalSection(ExtensibilityGlobals) = postSolution
		SolutionGuid = {D050AAA4-E7CD-4445-AD48-C644E185DC27}
	EndGlobalSection
EndGlobal
